// !$*UTF8*$!
{
	archiveVersion = 1;
	classes = {
	};
	objectVersion = 56;
	objects = {

/* Begin PBXBuildFile section */
		AB203D452B1FDA8000BA2ECF /* BrandsView.swift in Sources */ = {isa = PBXBuildFile; fileRef = AB203D442B1FDA8000BA2ECF /* BrandsView.swift */; };
		ABDC6C992B0D9C0E004B0261 /* CleanPokemonApp.swift in Sources */ = {isa = PBXBuildFile; fileRef = ABDC6C982B0D9C0E004B0261 /* CleanPokemonApp.swift */; };
		ABDC6C9B2B0D9C0E004B0261 /* ContentView.swift in Sources */ = {isa = PBXBuildFile; fileRef = ABDC6C9A2B0D9C0E004B0261 /* ContentView.swift */; };
		ABDC6C9D2B0D9C0F004B0261 /* Assets.xcassets in Resources */ = {isa = PBXBuildFile; fileRef = ABDC6C9C2B0D9C0F004B0261 /* Assets.xcassets */; };
		ABDC6CA02B0D9C0F004B0261 /* Preview Assets.xcassets in Resources */ = {isa = PBXBuildFile; fileRef = ABDC6C9F2B0D9C0F004B0261 /* Preview Assets.xcassets */; };
		ABDC6CA72B0D9C68004B0261 /* PokemonModel.swift in Sources */ = {isa = PBXBuildFile; fileRef = ABDC6CA62B0D9C68004B0261 /* PokemonModel.swift */; };
		ABDC6CB62B0D9EE9004B0261 /* NetworkUtils.swift in Sources */ = {isa = PBXBuildFile; fileRef = ABDC6CB52B0D9EE9004B0261 /* NetworkUtils.swift */; };
		ABDC6CB82B0D9F1D004B0261 /* Constants.swift in Sources */ = {isa = PBXBuildFile; fileRef = ABDC6CB72B0D9F1D004B0261 /* Constants.swift */; };
		ABDC6CBA2B0DA28B004B0261 /* PokemonListResponseModel.swift in Sources */ = {isa = PBXBuildFile; fileRef = ABDC6CB92B0DA28B004B0261 /* PokemonListResponseModel.swift */; };
		ABDC6CBC2B0DA2D1004B0261 /* PokeDexDataSource.swift in Sources */ = {isa = PBXBuildFile; fileRef = ABDC6CBB2B0DA2D1004B0261 /* PokeDexDataSource.swift */; };
		ABDC6CBE2B0DA309004B0261 /* PokemonEntity.swift in Sources */ = {isa = PBXBuildFile; fileRef = ABDC6CBD2B0DA309004B0261 /* PokemonEntity.swift */; };
		ABDC6CC02B0DA457004B0261 /* PokeDexRepositoryProtocol.swift in Sources */ = {isa = PBXBuildFile; fileRef = ABDC6CBF2B0DA457004B0261 /* PokeDexRepositoryProtocol.swift */; };
		ABDC6CC42B0DA84F004B0261 /* GetPokemonListUseCase.swift in Sources */ = {isa = PBXBuildFile; fileRef = ABDC6CC32B0DA84F004B0261 /* GetPokemonListUseCase.swift */; };
		ABDC6CCA2B0DA8E9004B0261 /* PokemonListView.swift in Sources */ = {isa = PBXBuildFile; fileRef = ABDC6CC92B0DA8E9004B0261 /* PokemonListView.swift */; };
		ABDC6CCC2B0DA93C004B0261 /* PokemonExploreView.swift in Sources */ = {isa = PBXBuildFile; fileRef = ABDC6CCB2B0DA93C004B0261 /* PokemonExploreView.swift */; };
		ABDC6CCE2B0E86DA004B0261 /* ExploreRepository.swift in Sources */ = {isa = PBXBuildFile; fileRef = ABDC6CCD2B0E86DA004B0261 /* ExploreRepository.swift */; };
		ABDC6CE12B0ED792004B0261 /* CollectionViewCell.swift in Sources */ = {isa = PBXBuildFile; fileRef = ABDC6CE02B0ED792004B0261 /* CollectionViewCell.swift */; };
		ABDC6CE62B0FDE5A004B0261 /* BannerUiModels.swift in Sources */ = {isa = PBXBuildFile; fileRef = ABDC6CE52B0FDE5A004B0261 /* BannerUiModels.swift */; };
/* End PBXBuildFile section */

/* Begin PBXFileReference section */
		AB203D442B1FDA8000BA2ECF /* BrandsView.swift */ = {isa = PBXFileReference; lastKnownFileType = sourcecode.swift; path = BrandsView.swift; sourceTree = "<group>"; };
		ABDC6C952B0D9C0E004B0261 /* CleanPokemon.app */ = {isa = PBXFileReference; explicitFileType = wrapper.application; includeInIndex = 0; path = CleanPokemon.app; sourceTree = BUILT_PRODUCTS_DIR; };
		ABDC6C982B0D9C0E004B0261 /* CleanPokemonApp.swift */ = {isa = PBXFileReference; lastKnownFileType = sourcecode.swift; path = CleanPokemonApp.swift; sourceTree = "<group>"; };
		ABDC6C9A2B0D9C0E004B0261 /* ContentView.swift */ = {isa = PBXFileReference; lastKnownFileType = sourcecode.swift; path = ContentView.swift; sourceTree = "<group>"; };
		ABDC6C9C2B0D9C0F004B0261 /* Assets.xcassets */ = {isa = PBXFileReference; lastKnownFileType = folder.assetcatalog; path = Assets.xcassets; sourceTree = "<group>"; };
		ABDC6C9F2B0D9C0F004B0261 /* Preview Assets.xcassets */ = {isa = PBXFileReference; lastKnownFileType = folder.assetcatalog; path = "Preview Assets.xcassets"; sourceTree = "<group>"; };
		ABDC6CA62B0D9C68004B0261 /* PokemonModel.swift */ = {isa = PBXFileReference; lastKnownFileType = sourcecode.swift; path = PokemonModel.swift; sourceTree = "<group>"; };
		ABDC6CB52B0D9EE9004B0261 /* NetworkUtils.swift */ = {isa = PBXFileReference; lastKnownFileType = sourcecode.swift; path = NetworkUtils.swift; sourceTree = "<group>"; };
		ABDC6CB72B0D9F1D004B0261 /* Constants.swift */ = {isa = PBXFileReference; lastKnownFileType = sourcecode.swift; path = Constants.swift; sourceTree = "<group>"; };
		ABDC6CB92B0DA28B004B0261 /* PokemonListResponseModel.swift */ = {isa = PBXFileReference; lastKnownFileType = sourcecode.swift; path = PokemonListResponseModel.swift; sourceTree = "<group>"; };
		ABDC6CBB2B0DA2D1004B0261 /* PokeDexDataSource.swift */ = {isa = PBXFileReference; lastKnownFileType = sourcecode.swift; path = PokeDexDataSource.swift; sourceTree = "<group>"; };
		ABDC6CBD2B0DA309004B0261 /* PokemonEntity.swift */ = {isa = PBXFileReference; lastKnownFileType = sourcecode.swift; path = PokemonEntity.swift; sourceTree = "<group>"; };
		ABDC6CBF2B0DA457004B0261 /* PokeDexRepositoryProtocol.swift */ = {isa = PBXFileReference; lastKnownFileType = sourcecode.swift; path = PokeDexRepositoryProtocol.swift; sourceTree = "<group>"; };
		ABDC6CC32B0DA84F004B0261 /* GetPokemonListUseCase.swift */ = {isa = PBXFileReference; lastKnownFileType = sourcecode.swift; path = GetPokemonListUseCase.swift; sourceTree = "<group>"; };
		ABDC6CC92B0DA8E9004B0261 /* PokemonListView.swift */ = {isa = PBXFileReference; lastKnownFileType = sourcecode.swift; path = PokemonListView.swift; sourceTree = "<group>"; };
		ABDC6CCB2B0DA93C004B0261 /* PokemonExploreView.swift */ = {isa = PBXFileReference; lastKnownFileType = sourcecode.swift; path = PokemonExploreView.swift; sourceTree = "<group>"; };
		ABDC6CCD2B0E86DA004B0261 /* ExploreRepository.swift */ = {isa = PBXFileReference; lastKnownFileType = sourcecode.swift; path = ExploreRepository.swift; sourceTree = "<group>"; };
		ABDC6CE02B0ED792004B0261 /* CollectionViewCell.swift */ = {isa = PBXFileReference; lastKnownFileType = sourcecode.swift; path = CollectionViewCell.swift; sourceTree = "<group>"; };
		ABDC6CE52B0FDE5A004B0261 /* BannerUiModels.swift */ = {isa = PBXFileReference; lastKnownFileType = sourcecode.swift; path = BannerUiModels.swift; sourceTree = "<group>"; };
/* End PBXFileReference section */

/* Begin PBXFrameworksBuildPhase section */
		ABDC6C922B0D9C0E004B0261 /* Frameworks */ = {
			isa = PBXFrameworksBuildPhase;
			buildActionMask = 2147483647;
			files = (
			);
			runOnlyForDeploymentPostprocessing = 0;
		};
/* End PBXFrameworksBuildPhase section */

/* Begin PBXGroup section */
		ABDC6C8C2B0D9C0E004B0261 = {
			isa = PBXGroup;
			children = (
				ABDC6C972B0D9C0E004B0261 /* CleanPokemon */,
				ABDC6C962B0D9C0E004B0261 /* Products */,
			);
			sourceTree = "<group>";
		};
		ABDC6C962B0D9C0E004B0261 /* Products */ = {
			isa = PBXGroup;
			children = (
				ABDC6C952B0D9C0E004B0261 /* CleanPokemon.app */,
			);
			name = Products;
			sourceTree = "<group>";
		};
		ABDC6C972B0D9C0E004B0261 /* CleanPokemon */ = {
			isa = PBXGroup;
			children = (
				ABDC6CB22B0D9EAB004B0261 /* Core */,
				ABDC6CA82B0D9DA9004B0261 /* FeatureExplore */,
				ABDC6C982B0D9C0E004B0261 /* CleanPokemonApp.swift */,
				ABDC6C9A2B0D9C0E004B0261 /* ContentView.swift */,
				ABDC6C9C2B0D9C0F004B0261 /* Assets.xcassets */,
				ABDC6C9E2B0D9C0F004B0261 /* Preview Content */,
			);
			path = CleanPokemon;
			sourceTree = "<group>";
		};
		ABDC6C9E2B0D9C0F004B0261 /* Preview Content */ = {
			isa = PBXGroup;
			children = (
				ABDC6C9F2B0D9C0F004B0261 /* Preview Assets.xcassets */,
			);
			path = "Preview Content";
			sourceTree = "<group>";
		};
		ABDC6CA82B0D9DA9004B0261 /* FeatureExplore */ = {
			isa = PBXGroup;
			children = (
				ABDC6CE22B0FC97E004B0261 /* UI */,
				ABDC6CAB2B0D9DDF004B0261 /* Data */,
				ABDC6CAA2B0D9DD2004B0261 /* Domain */,
				ABDC6CA92B0D9DC3004B0261 /* Presentation */,
			);
			path = FeatureExplore;
			sourceTree = "<group>";
		};
		ABDC6CA92B0D9DC3004B0261 /* Presentation */ = {
			isa = PBXGroup;
			children = (
				ABDC6CCB2B0DA93C004B0261 /* PokemonExploreView.swift */,
				ABDC6CE02B0ED792004B0261 /* CollectionViewCell.swift */,
			);
			path = Presentation;
			sourceTree = "<group>";
		};
		ABDC6CAA2B0D9DD2004B0261 /* Domain */ = {
			isa = PBXGroup;
			children = (
				ABDC6CAE2B0D9E02004B0261 /* Repositories */,
				ABDC6CAD2B0D9DF7004B0261 /* UseCases */,
				ABDC6CAC2B0D9DEB004B0261 /* Entities */,
			);
			path = Domain;
			sourceTree = "<group>";
		};
		ABDC6CAB2B0D9DDF004B0261 /* Data */ = {
			isa = PBXGroup;
			children = (
				ABDC6CB12B0D9E2B004B0261 /* DataSource */,
				ABDC6CB02B0D9E17004B0261 /* Repositories */,
				ABDC6CAF2B0D9E11004B0261 /* Models */,
			);
			path = Data;
			sourceTree = "<group>";
		};
		ABDC6CAC2B0D9DEB004B0261 /* Entities */ = {
			isa = PBXGroup;
			children = (
				ABDC6CBD2B0DA309004B0261 /* PokemonEntity.swift */,
			);
			path = Entities;
			sourceTree = "<group>";
		};
		ABDC6CAD2B0D9DF7004B0261 /* UseCases */ = {
			isa = PBXGroup;
			children = (
				ABDC6CC32B0DA84F004B0261 /* GetPokemonListUseCase.swift */,
			);
			path = UseCases;
			sourceTree = "<group>";
		};
		ABDC6CAE2B0D9E02004B0261 /* Repositories */ = {
			isa = PBXGroup;
			children = (
				ABDC6CBF2B0DA457004B0261 /* PokeDexRepositoryProtocol.swift */,
			);
			path = Repositories;
			sourceTree = "<group>";
		};
		ABDC6CAF2B0D9E11004B0261 /* Models */ = {
			isa = PBXGroup;
			children = (
				ABDC6CA62B0D9C68004B0261 /* PokemonModel.swift */,
				ABDC6CB92B0DA28B004B0261 /* PokemonListResponseModel.swift */,
			);
			path = Models;
			sourceTree = "<group>";
		};
		ABDC6CB02B0D9E17004B0261 /* Repositories */ = {
			isa = PBXGroup;
			children = (
				ABDC6CCD2B0E86DA004B0261 /* ExploreRepository.swift */,
			);
			path = Repositories;
			sourceTree = "<group>";
		};
		ABDC6CB12B0D9E2B004B0261 /* DataSource */ = {
			isa = PBXGroup;
			children = (
				ABDC6CBB2B0DA2D1004B0261 /* PokeDexDataSource.swift */,
			);
			path = DataSource;
			sourceTree = "<group>";
		};
		ABDC6CB22B0D9EAB004B0261 /* Core */ = {
			isa = PBXGroup;
			children = (
				ABDC6CB32B0D9EB7004B0261 /* Utils */,
				ABDC6CC92B0DA8E9004B0261 /* PokemonListView.swift */,
			);
			path = Core;
			sourceTree = "<group>";
		};
		ABDC6CB32B0D9EB7004B0261 /* Utils */ = {
			isa = PBXGroup;
			children = (
				ABDC6CB52B0D9EE9004B0261 /* NetworkUtils.swift */,
				ABDC6CB72B0D9F1D004B0261 /* Constants.swift */,
			);
			path = Utils;
			sourceTree = "<group>";
		};
		ABDC6CE22B0FC97E004B0261 /* UI */ = {
			isa = PBXGroup;
			children = (
				ABDC6CE52B0FDE5A004B0261 /* BannerUiModels.swift */,
				AB203D442B1FDA8000BA2ECF /* BrandsView.swift */,
			);
			path = UI;
			sourceTree = "<group>";
		};
/* End PBXGroup section */

/* Begin PBXNativeTarget section */
		ABDC6C942B0D9C0E004B0261 /* CleanPokemon */ = {
			isa = PBXNativeTarget;
			buildConfigurationList = ABDC6CA32B0D9C0F004B0261 /* Build configuration list for PBXNativeTarget "CleanPokemon" */;
			buildPhases = (
				ABDC6C912B0D9C0E004B0261 /* Sources */,
				ABDC6C922B0D9C0E004B0261 /* Frameworks */,
				ABDC6C932B0D9C0E004B0261 /* Resources */,
			);
			buildRules = (
			);
			dependencies = (
			);
			name = CleanPokemon;
			productName = CleanPokemon;
			productReference = ABDC6C952B0D9C0E004B0261 /* CleanPokemon.app */;
			productType = "com.apple.product-type.application";
		};
/* End PBXNativeTarget section */

/* Begin PBXProject section */
		ABDC6C8D2B0D9C0E004B0261 /* Project object */ = {
			isa = PBXProject;
			attributes = {
				BuildIndependentTargetsInParallel = 1;
				LastSwiftUpdateCheck = 1430;
				LastUpgradeCheck = 1430;
				TargetAttributes = {
					ABDC6C942B0D9C0E004B0261 = {
						CreatedOnToolsVersion = 14.3.1;
					};
				};
			};
			buildConfigurationList = ABDC6C902B0D9C0E004B0261 /* Build configuration list for PBXProject "CleanPokemon" */;
			compatibilityVersion = "Xcode 14.0";
			developmentRegion = en;
			hasScannedForEncodings = 0;
			knownRegions = (
				en,
				Base,
			);
			mainGroup = ABDC6C8C2B0D9C0E004B0261;
			productRefGroup = ABDC6C962B0D9C0E004B0261 /* Products */;
			projectDirPath = "";
			projectRoot = "";
			targets = (
				ABDC6C942B0D9C0E004B0261 /* CleanPokemon */,
			);
		};
/* End PBXProject section */

/* Begin PBXResourcesBuildPhase section */
		ABDC6C932B0D9C0E004B0261 /* Resources */ = {
			isa = PBXResourcesBuildPhase;
			buildActionMask = 2147483647;
			files = (
				ABDC6CA02B0D9C0F004B0261 /* Preview Assets.xcassets in Resources */,
				ABDC6C9D2B0D9C0F004B0261 /* Assets.xcassets in Resources */,
			);
			runOnlyForDeploymentPostprocessing = 0;
		};
/* End PBXResourcesBuildPhase section */

/* Begin PBXSourcesBuildPhase section */
		ABDC6C912B0D9C0E004B0261 /* Sources */ = {
			isa = PBXSourcesBuildPhase;
			buildActionMask = 2147483647;
			files = (
				ABDC6CCC2B0DA93C004B0261 /* PokemonExploreView.swift in Sources */,
				ABDC6CBA2B0DA28B004B0261 /* PokemonListResponseModel.swift in Sources */,
				ABDC6CB82B0D9F1D004B0261 /* Constants.swift in Sources */,
				AB203D452B1FDA8000BA2ECF /* BrandsView.swift in Sources */,
				ABDC6CCA2B0DA8E9004B0261 /* PokemonListView.swift in Sources */,
				ABDC6CB62B0D9EE9004B0261 /* NetworkUtils.swift in Sources */,
				ABDC6CE12B0ED792004B0261 /* CollectionViewCell.swift in Sources */,
				ABDC6CE62B0FDE5A004B0261 /* BannerUiModels.swift in Sources */,
				ABDC6C9B2B0D9C0E004B0261 /* ContentView.swift in Sources */,
				ABDC6CBE2B0DA309004B0261 /* PokemonEntity.swift in Sources */,
				ABDC6CC02B0DA457004B0261 /* PokeDexRepositoryProtocol.swift in Sources */,
				ABDC6CC42B0DA84F004B0261 /* GetPokemonListUseCase.swift in Sources */,
				ABDC6CA72B0D9C68004B0261 /* PokemonModel.swift in Sources */,
				ABDC6CCE2B0E86DA004B0261 /* ExploreRepository.swift in Sources */,
				ABDC6CBC2B0DA2D1004B0261 /* PokeDexDataSource.swift in Sources */,
				ABDC6C992B0D9C0E004B0261 /* CleanPokemonApp.swift in Sources */,
			);
			runOnlyForDeploymentPostprocessing = 0;
		};
/* End PBXSourcesBuildPhase section */

/* Begin XCBuildConfiguration section */
		ABDC6CA12B0D9C0F004B0261 /* Debug */ = {
			isa = XCBuildConfiguration;
			buildSettings = {
				ALWAYS_SEARCH_USER_PATHS = NO;
				CLANG_ANALYZER_NONNULL = YES;
				CLANG_ANALYZER_NUMBER_OBJECT_CONVERSION = YES_AGGRESSIVE;
				CLANG_CXX_LANGUAGE_STANDARD = "gnu++20";
				CLANG_ENABLE_MODULES = YES;
				CLANG_ENABLE_OBJC_ARC = YES;
				CLANG_ENABLE_OBJC_WEAK = YES;
				CLANG_WARN_BLOCK_CAPTURE_AUTORELEASING = YES;
				CLANG_WARN_BOOL_CONVERSION = YES;
				CLANG_WARN_COMMA = YES;
				CLANG_WARN_CONSTANT_CONVERSION = YES;
				CLANG_WARN_DEPRECATED_OBJC_IMPLEMENTATIONS = YES;
				CLANG_WARN_DIRECT_OBJC_ISA_USAGE = YES_ERROR;
				CLANG_WARN_DOCUMENTATION_COMMENTS = YES;
				CLANG_WARN_EMPTY_BODY = YES;
				CLANG_WARN_ENUM_CONVERSION = YES;
				CLANG_WARN_INFINITE_RECURSION = YES;
				CLANG_WARN_INT_CONVERSION = YES;
				CLANG_WARN_NON_LITERAL_NULL_CONVERSION = YES;
				CLANG_WARN_OBJC_IMPLICIT_RETAIN_SELF = YES;
				CLANG_WARN_OBJC_LITERAL_CONVERSION = YES;
				CLANG_WARN_OBJC_ROOT_CLASS = YES_ERROR;
				CLANG_WARN_QUOTED_INCLUDE_IN_FRAMEWORK_HEADER = YES;
				CLANG_WARN_RANGE_LOOP_ANALYSIS = YES;
				CLANG_WARN_STRICT_PROTOTYPES = YES;
				CLANG_WARN_SUSPICIOUS_MOVE = YES;
				CLANG_WARN_UNGUARDED_AVAILABILITY = YES_AGGRESSIVE;
				CLANG_WARN_UNREACHABLE_CODE = YES;
				CLANG_WARN__DUPLICATE_METHOD_MATCH = YES;
				COPY_PHASE_STRIP = NO;
				DEBUG_INFORMATION_FORMAT = dwarf;
				ENABLE_STRICT_OBJC_MSGSEND = YES;
				ENABLE_TESTABILITY = YES;
				GCC_C_LANGUAGE_STANDARD = gnu11;
				GCC_DYNAMIC_NO_PIC = NO;
				GCC_NO_COMMON_BLOCKS = YES;
				GCC_OPTIMIZATION_LEVEL = 0;
				GCC_PREPROCESSOR_DEFINITIONS = (
					"DEBUG=1",
					"$(inherited)",
				);
				GCC_WARN_64_TO_32_BIT_CONVERSION = YES;
				GCC_WARN_ABOUT_RETURN_TYPE = YES_ERROR;
				GCC_WARN_UNDECLARED_SELECTOR = YES;
				GCC_WARN_UNINITIALIZED_AUTOS = YES_AGGRESSIVE;
				GCC_WARN_UNUSED_FUNCTION = YES;
				GCC_WARN_UNUSED_VARIABLE = YES;
				IPHONEOS_DEPLOYMENT_TARGET = 16.4;
				MTL_ENABLE_DEBUG_INFO = INCLUDE_SOURCE;
				MTL_FAST_MATH = YES;
				ONLY_ACTIVE_ARCH = YES;
				SDKROOT = iphoneos;
				SWIFT_ACTIVE_COMPILATION_CONDITIONS = DEBUG;
				SWIFT_OPTIMIZATION_LEVEL = "-Onone";
			};
			name = Debug;
		};
		ABDC6CA22B0D9C0F004B0261 /* Release */ = {
			isa = XCBuildConfiguration;
			buildSettings = {
				ALWAYS_SEARCH_USER_PATHS = NO;
				CLANG_ANALYZER_NONNULL = YES;
				CLANG_ANALYZER_NUMBER_OBJECT_CONVERSION = YES_AGGRESSIVE;
				CLANG_CXX_LANGUAGE_STANDARD = "gnu++20";
				CLANG_ENABLE_MODULES = YES;
				CLANG_ENABLE_OBJC_ARC = YES;
				CLANG_ENABLE_OBJC_WEAK = YES;
				CLANG_WARN_BLOCK_CAPTURE_AUTORELEASING = YES;
				CLANG_WARN_BOOL_CONVERSION = YES;
				CLANG_WARN_COMMA = YES;
				CLANG_WARN_CONSTANT_CONVERSION = YES;
				CLANG_WARN_DEPRECATED_OBJC_IMPLEMENTATIONS = YES;
				CLANG_WARN_DIRECT_OBJC_ISA_USAGE = YES_ERROR;
				CLANG_WARN_DOCUMENTATION_COMMENTS = YES;
				CLANG_WARN_EMPTY_BODY = YES;
				CLANG_WARN_ENUM_CONVERSION = YES;
				CLANG_WARN_INFINITE_RECURSION = YES;
				CLANG_WARN_INT_CONVERSION = YES;
				CLANG_WARN_NON_LITERAL_NULL_CONVERSION = YES;
				CLANG_WARN_OBJC_IMPLICIT_RETAIN_SELF = YES;
				CLANG_WARN_OBJC_LITERAL_CONVERSION = YES;
				CLANG_WARN_OBJC_ROOT_CLASS = YES_ERROR;
				CLANG_WARN_QUOTED_INCLUDE_IN_FRAMEWORK_HEADER = YES;
				CLANG_WARN_RANGE_LOOP_ANALYSIS = YES;
				CLANG_WARN_STRICT_PROTOTYPES = YES;
				CLANG_WARN_SUSPICIOUS_MOVE = YES;
				CLANG_WARN_UNGUARDED_AVAILABILITY = YES_AGGRESSIVE;
				CLANG_WARN_UNREACHABLE_CODE = YES;
				CLANG_WARN__DUPLICATE_METHOD_MATCH = YES;
				COPY_PHASE_STRIP = NO;
				DEBUG_INFORMATION_FORMAT = "dwarf-with-dsym";
				ENABLE_NS_ASSERTIONS = NO;
				ENABLE_STRICT_OBJC_MSGSEND = YES;
				GCC_C_LANGUAGE_STANDARD = gnu11;
				GCC_NO_COMMON_BLOCKS = YES;
				GCC_WARN_64_TO_32_BIT_CONVERSION = YES;
				GCC_WARN_ABOUT_RETURN_TYPE = YES_ERROR;
				GCC_WARN_UNDECLARED_SELECTOR = YES;
				GCC_WARN_UNINITIALIZED_AUTOS = YES_AGGRESSIVE;
				GCC_WARN_UNUSED_FUNCTION = YES;
				GCC_WARN_UNUSED_VARIABLE = YES;
				IPHONEOS_DEPLOYMENT_TARGET = 16.4;
				MTL_ENABLE_DEBUG_INFO = NO;
				MTL_FAST_MATH = YES;
				SDKROOT = iphoneos;
				SWIFT_COMPILATION_MODE = wholemodule;
				SWIFT_OPTIMIZATION_LEVEL = "-O";
				VALIDATE_PRODUCT = YES;
			};
			name = Release;
		};
		ABDC6CA42B0D9C0F004B0261 /* Debug */ = {
			isa = XCBuildConfiguration;
			buildSettings = {
				ASSETCATALOG_COMPILER_APPICON_NAME = AppIcon;
				ASSETCATALOG_COMPILER_GLOBAL_ACCENT_COLOR_NAME = AccentColor;
				CODE_SIGN_STYLE = Automatic;
				CURRENT_PROJECT_VERSION = 1;
				DEVELOPMENT_ASSET_PATHS = "\"CleanPokemon/Preview Content\"";
				DEVELOPMENT_TEAM = 7LRB92KKD8;
				ENABLE_PREVIEWS = YES;
				GENERATE_INFOPLIST_FILE = YES;
				INFOPLIST_KEY_UIApplicationSceneManifest_Generation = YES;
				INFOPLIST_KEY_UIApplicationSupportsIndirectInputEvents = YES;
				INFOPLIST_KEY_UILaunchScreen_Generation = YES;
				INFOPLIST_KEY_UISupportedInterfaceOrientations_iPad = "UIInterfaceOrientationPortrait UIInterfaceOrientationPortraitUpsideDown UIInterfaceOrientationLandscapeLeft UIInterfaceOrientationLandscapeRight";
				INFOPLIST_KEY_UISupportedInterfaceOrientations_iPhone = "UIInterfaceOrientationPortrait UIInterfaceOrientationLandscapeLeft UIInterfaceOrientationLandscapeRight";
				LD_RUNPATH_SEARCH_PATHS = (
					"$(inherited)",
					"@executable_path/Frameworks",
				);
				MARKETING_VERSION = 1.0;
				PRODUCT_BUNDLE_IDENTIFIER = com.arlen.CleanPokemon;
				PRODUCT_NAME = "$(TARGET_NAME)";
				SWIFT_EMIT_LOC_STRINGS = YES;
				SWIFT_VERSION = 5.0;
				TARGETED_DEVICE_FAMILY = "1,2";
			};
			name = Debug;
		};
		ABDC6CA52B0D9C0F004B0261 /* Release */ = {
			isa = XCBuildConfiguration;
			buildSettings = {
				ASSETCATALOG_COMPILER_APPICON_NAME = AppIcon;
				ASSETCATALOG_COMPILER_GLOBAL_ACCENT_COLOR_NAME = AccentColor;
				CODE_SIGN_STYLE = Automatic;
				CURRENT_PROJECT_VERSION = 1;
				DEVELOPMENT_ASSET_PATHS = "\"CleanPokemon/Preview Content\"";
				DEVELOPMENT_TEAM = 7LRB92KKD8;
				ENABLE_PREVIEWS = YES;
				GENERATE_INFOPLIST_FILE = YES;
				INFOPLIST_KEY_UIApplicationSceneManifest_Generation = YES;
				INFOPLIST_KEY_UIApplicationSupportsIndirectInputEvents = YES;
				INFOPLIST_KEY_UILaunchScreen_Generation = YES;
				INFOPLIST_KEY_UISupportedInterfaceOrientations_iPad = "UIInterfaceOrientationPortrait UIInterfaceOrientationPortraitUpsideDown UIInterfaceOrientationLandscapeLeft UIInterfaceOrientationLandscapeRight";
				INFOPLIST_KEY_UISupportedInterfaceOrientations_iPhone = "UIInterfaceOrientationPortrait UIInterfaceOrientationLandscapeLeft UIInterfaceOrientationLandscapeRight";
				LD_RUNPATH_SEARCH_PATHS = (
					"$(inherited)",
					"@executable_path/Frameworks",
				);
				MARKETING_VERSION = 1.0;
				PRODUCT_BUNDLE_IDENTIFIER = com.arlen.CleanPokemon;
				PRODUCT_NAME = "$(TARGET_NAME)";
				SWIFT_EMIT_LOC_STRINGS = YES;
				SWIFT_VERSION = 5.0;
				TARGETED_DEVICE_FAMILY = "1,2";
			};
			name = Release;
		};
/* End XCBuildConfiguration section */

/* Begin XCConfigurationList section */
		ABDC6C902B0D9C0E004B0261 /* Build configuration list for PBXProject "CleanPokemon" */ = {
			isa = XCConfigurationList;
			buildConfigurations = (
				ABDC6CA12B0D9C0F004B0261 /* Debug */,
				ABDC6CA22B0D9C0F004B0261 /* Release */,
			);
			defaultConfigurationIsVisible = 0;
			defaultConfigurationName = Release;
		};
		ABDC6CA32B0D9C0F004B0261 /* Build configuration list for PBXNativeTarget "CleanPokemon" */ = {
			isa = XCConfigurationList;
			buildConfigurations = (
				ABDC6CA42B0D9C0F004B0261 /* Debug */,
				ABDC6CA52B0D9C0F004B0261 /* Release */,
			);
			defaultConfigurationIsVisible = 0;
			defaultConfigurationName = Release;
		};
/* End XCConfigurationList section */
	};
	rootObject = ABDC6C8D2B0D9C0E004B0261 /* Project object */;
}
